
Microsoft Visual Studio Solution File, Format Version 12.00
# Visual Studio Version 17
VisualStudioVersion = 17.7.34009.444
MinimumVisualStudioVersion = 10.0.40219.1
Project("{9A19103F-16F7-4668-BE54-9A1E7A4F7556}") = "UserAPI", "UserAPI\UserAPI.csproj", "{DC6103F0-071D-4BD5-A0EB-435179C43CEC}"
EndProject
Project("{FAE04EC0-301F-11D3-BF4B-00C04F79EFBC}") = "KeyAPI", "KeyAPI\KeyAPI.csproj", "{A7EEACD1-2372-4CFF-8426-64D7799EECEA}"
EndProject
Project("{FAE04EC0-301F-11D3-BF4B-00C04F79EFBC}") = "LoginAPI", "LoginAPI\LoginAPI.csproj", "{381F96FB-2B51-4615-9A44-E0D784542B6F}"
EndProject
Project("{2150E333-8FDC-42A3-9474-1A3956D46DE8}") = "Solution Items", "Solution Items", "{DD859AD4-851B-4320-8C4E-3D20FA2EABB6}"
	ProjectSection(SolutionItems) = preProject
		.editorconfig = .editorconfig
	EndProjectSection
EndProject
Global
	GlobalSection(SolutionConfigurationPlatforms) = preSolution
		Debug|Any CPU = Debug|Any CPU
		Release|Any CPU = Release|Any CPU
	EndGlobalSection
	GlobalSection(ProjectConfigurationPlatforms) = postSolution
		{DC6103F0-071D-4BD5-A0EB-435179C43CEC}.Debug|Any CPU.ActiveCfg = Debug|Any CPU
		{DC6103F0-071D-4BD5-A0EB-435179C43CEC}.Debug|Any CPU.Build.0 = Debug|Any CPU
		{DC6103F0-071D-4BD5-A0EB-435179C43CEC}.Release|Any CPU.ActiveCfg = Release|Any CPU
		{DC6103F0-071D-4BD5-A0EB-435179C43CEC}.Release|Any CPU.Build.0 = Release|Any CPU
		{A7EEACD1-2372-4CFF-8426-64D7799EECEA}.Debug|Any CPU.ActiveCfg = Debug|Any CPU
		{A7EEACD1-2372-4CFF-8426-64D7799EECEA}.Debug|Any CPU.Build.0 = Debug|Any CPU
		{A7EEACD1-2372-4CFF-8426-64D7799EECEA}.Release|Any CPU.ActiveCfg = Release|Any CPU
		{A7EEACD1-2372-4CFF-8426-64D7799EECEA}.Release|Any CPU.Build.0 = Release|Any CPU
		{381F96FB-2B51-4615-9A44-E0D784542B6F}.Debug|Any CPU.ActiveCfg = Debug|Any CPU
		{381F96FB-2B51-4615-9A44-E0D784542B6F}.Debug|Any CPU.Build.0 = Debug|Any CPU
		{381F96FB-2B51-4615-9A44-E0D784542B6F}.Release|Any CPU.ActiveCfg = Release|Any CPU
		{381F96FB-2B51-4615-9A44-E0D784542B6F}.Release|Any CPU.Build.0 = Release|Any CPU
	EndGlobalSection
	GlobalSection(SolutionProperties) = preSolution
		HideSolutionNode = FALSE
	EndGlobalSection
	GlobalSection(ExtensibilityGlobals) = postSolution
		SolutionGuid = {9296CF7E-3EF7-49A5-AF5F-6289FEFFD25C}
	EndGlobalSection
EndGlobal
